// !$*UTF8*$!
{
	archiveVersion = 1;
	classes = {
	};
	objectVersion = 46;
	objects = {

/* Begin PBXBuildFile section */
		3A7A3CB6F20C9B1B231153EF /* APObjectSerializerSpec.m in Sources */ = {isa = PBXBuildFile; fileRef = 3A7A33BEC5AD9153F0AEAB63 /* APObjectSerializerSpec.m */; };
		EDBEA1241B7C8BC00028169B /* main.m in Sources */ = {isa = PBXBuildFile; fileRef = EDBEA1231B7C8BC00028169B /* main.m */; };
		EDBEA1271B7C8BC00028169B /* AppDelegate.m in Sources */ = {isa = PBXBuildFile; fileRef = EDBEA1261B7C8BC00028169B /* AppDelegate.m */; };
		EDBEA12A1B7C8BC00028169B /* ViewController.m in Sources */ = {isa = PBXBuildFile; fileRef = EDBEA1291B7C8BC00028169B /* ViewController.m */; };
		EDBEA12D1B7C8BC00028169B /* Main.storyboard in Resources */ = {isa = PBXBuildFile; fileRef = EDBEA12B1B7C8BC00028169B /* Main.storyboard */; };
		EDBEA12F1B7C8BC00028169B /* Images.xcassets in Resources */ = {isa = PBXBuildFile; fileRef = EDBEA12E1B7C8BC00028169B /* Images.xcassets */; };
		EDBEA1321B7C8BC00028169B /* LaunchScreen.xib in Resources */ = {isa = PBXBuildFile; fileRef = EDBEA1301B7C8BC00028169B /* LaunchScreen.xib */; };
		EDBEA13E1B7C8BC00028169B /* APObjectSerializerTests.m in Sources */ = {isa = PBXBuildFile; fileRef = EDBEA13D1B7C8BC00028169B /* APObjectSerializerTests.m */; };
		EDBEA14A1B7C8C0C0028169B /* APObjectSerializer.m in Sources */ = {isa = PBXBuildFile; fileRef = EDBEA1491B7C8C0C0028169B /* APObjectSerializer.m */; };
/* End PBXBuildFile section */

/* Begin PBXContainerItemProxy section */
		EDBEA1381B7C8BC00028169B /* PBXContainerItemProxy */ = {
			isa = PBXContainerItemProxy;
			containerPortal = EDBEA1161B7C8BC00028169B /* Project object */;
			proxyType = 1;
			remoteGlobalIDString = EDBEA11D1B7C8BC00028169B;
			remoteInfo = APObjectSerializer;
		};
/* End PBXContainerItemProxy section */

/* Begin PBXFileReference section */
		3A7A33BEC5AD9153F0AEAB63 /* APObjectSerializerSpec.m */ = {isa = PBXFileReference; fileEncoding = 4; lastKnownFileType = sourcecode.c.objc; path = APObjectSerializerSpec.m; sourceTree = "<group>"; };
		3A7A3BE6BD5C2B6910FA36C3 /* APObjectSerializerSpec.h */ = {isa = PBXFileReference; fileEncoding = 4; lastKnownFileType = sourcecode.c.h; path = APObjectSerializerSpec.h; sourceTree = "<group>"; };
		EDBEA11E1B7C8BC00028169B /* APObjectSerializer.app */ = {isa = PBXFileReference; explicitFileType = wrapper.application; includeInIndex = 0; path = APObjectSerializer.app; sourceTree = BUILT_PRODUCTS_DIR; };
		EDBEA1221B7C8BC00028169B /* Info.plist */ = {isa = PBXFileReference; lastKnownFileType = text.plist.xml; path = Info.plist; sourceTree = "<group>"; };
		EDBEA1231B7C8BC00028169B /* main.m */ = {isa = PBXFileReference; lastKnownFileType = sourcecode.c.objc; path = main.m; sourceTree = "<group>"; };
		EDBEA1251B7C8BC00028169B /* AppDelegate.h */ = {isa = PBXFileReference; lastKnownFileType = sourcecode.c.h; path = AppDelegate.h; sourceTree = "<group>"; };
		EDBEA1261B7C8BC00028169B /* AppDelegate.m */ = {isa = PBXFileReference; lastKnownFileType = sourcecode.c.objc; path = AppDelegate.m; sourceTree = "<group>"; };
		EDBEA1281B7C8BC00028169B /* ViewController.h */ = {isa = PBXFileReference; lastKnownFileType = sourcecode.c.h; path = ViewController.h; sourceTree = "<group>"; };
		EDBEA1291B7C8BC00028169B /* ViewController.m */ = {isa = PBXFileReference; lastKnownFileType = sourcecode.c.objc; path = ViewController.m; sourceTree = "<group>"; };
		EDBEA12C1B7C8BC00028169B /* Base */ = {isa = PBXFileReference; lastKnownFileType = file.storyboard; name = Base; path = Base.lproj/Main.storyboard; sourceTree = "<group>"; };
		EDBEA12E1B7C8BC00028169B /* Images.xcassets */ = {isa = PBXFileReference; lastKnownFileType = folder.assetcatalog; path = Images.xcassets; sourceTree = "<group>"; };
		EDBEA1311B7C8BC00028169B /* Base */ = {isa = PBXFileReference; lastKnownFileType = file.xib; name = Base; path = Base.lproj/LaunchScreen.xib; sourceTree = "<group>"; };
		EDBEA1371B7C8BC00028169B /* APObjectSerializerTests.xctest */ = {isa = PBXFileReference; explicitFileType = wrapper.cfbundle; includeInIndex = 0; path = APObjectSerializerTests.xctest; sourceTree = BUILT_PRODUCTS_DIR; };
		EDBEA13C1B7C8BC00028169B /* Info.plist */ = {isa = PBXFileReference; lastKnownFileType = text.plist.xml; path = Info.plist; sourceTree = "<group>"; };
		EDBEA13D1B7C8BC00028169B /* APObjectSerializerTests.m */ = {isa = PBXFileReference; lastKnownFileType = sourcecode.c.objc; path = APObjectSerializerTests.m; sourceTree = "<group>"; };
		EDBEA1481B7C8C0C0028169B /* APObjectSerializer.h */ = {isa = PBXFileReference; fileEncoding = 4; lastKnownFileType = sourcecode.c.h; path = APObjectSerializer.h; sourceTree = "<group>"; };
		EDBEA1491B7C8C0C0028169B /* APObjectSerializer.m */ = {isa = PBXFileReference; fileEncoding = 4; lastKnownFileType = sourcecode.c.objc; path = APObjectSerializer.m; sourceTree = "<group>"; };
/* End PBXFileReference section */

/* Begin PBXFrameworksBuildPhase section */
		EDBEA11B1B7C8BC00028169B /* Frameworks */ = {
			isa = PBXFrameworksBuildPhase;
			buildActionMask = 2147483647;
			files = (
			);
			runOnlyForDeploymentPostprocessing = 0;
		};
		EDBEA1341B7C8BC00028169B /* Frameworks */ = {
			isa = PBXFrameworksBuildPhase;
			buildActionMask = 2147483647;
			files = (
			);
			runOnlyForDeploymentPostprocessing = 0;
		};
/* End PBXFrameworksBuildPhase section */

/* Begin PBXGroup section */
		EDBEA1151B7C8BC00028169B = {
			isa = PBXGroup;
			children = (
				EDBEA1201B7C8BC00028169B /* APObjectSerializer */,
				EDBEA13A1B7C8BC00028169B /* APObjectSerializerTests */,
				EDBEA11F1B7C8BC00028169B /* Products */,
			);
			sourceTree = "<group>";
		};
		EDBEA11F1B7C8BC00028169B /* Products */ = {
			isa = PBXGroup;
			children = (
				EDBEA11E1B7C8BC00028169B /* APObjectSerializer.app */,
				EDBEA1371B7C8BC00028169B /* APObjectSerializerTests.xctest */,
			);
			name = Products;
			sourceTree = "<group>";
		};
		EDBEA1201B7C8BC00028169B /* APObjectSerializer */ = {
			isa = PBXGroup;
			children = (
				EDBEA1471B7C8C0C0028169B /* Lib */,
				EDBEA1251B7C8BC00028169B /* AppDelegate.h */,
				EDBEA1261B7C8BC00028169B /* AppDelegate.m */,
				EDBEA1281B7C8BC00028169B /* ViewController.h */,
				EDBEA1291B7C8BC00028169B /* ViewController.m */,
				EDBEA12B1B7C8BC00028169B /* Main.storyboard */,
				EDBEA12E1B7C8BC00028169B /* Images.xcassets */,
				EDBEA1301B7C8BC00028169B /* LaunchScreen.xib */,
				EDBEA1211B7C8BC00028169B /* Supporting Files */,
			);
			path = APObjectSerializer;
			sourceTree = "<group>";
		};
		EDBEA1211B7C8BC00028169B /* Supporting Files */ = {
			isa = PBXGroup;
			children = (
				EDBEA1221B7C8BC00028169B /* Info.plist */,
				EDBEA1231B7C8BC00028169B /* main.m */,
			);
			name = "Supporting Files";
			sourceTree = "<group>";
		};
		EDBEA13A1B7C8BC00028169B /* APObjectSerializerTests */ = {
			isa = PBXGroup;
			children = (
				EDBEA13D1B7C8BC00028169B /* APObjectSerializerTests.m */,
				EDBEA13B1B7C8BC00028169B /* Supporting Files */,
			);
			path = APObjectSerializerTests;
			sourceTree = "<group>";
		};
		EDBEA13B1B7C8BC00028169B /* Supporting Files */ = {
			isa = PBXGroup;
			children = (
				EDBEA13C1B7C8BC00028169B /* Info.plist */,
			);
			name = "Supporting Files";
			sourceTree = "<group>";
		};
		EDBEA1471B7C8C0C0028169B /* Lib */ = {
			isa = PBXGroup;
			children = (
				EDBEA1481B7C8C0C0028169B /* APObjectSerializer.h */,
				EDBEA1491B7C8C0C0028169B /* APObjectSerializer.m */,
				3A7A33BEC5AD9153F0AEAB63 /* APObjectSerializerSpec.m */,
				3A7A3BE6BD5C2B6910FA36C3 /* APObjectSerializerSpec.h */,
			);
			path = Lib;
			sourceTree = "<group>";
		};
/* End PBXGroup section */

/* Begin PBXNativeTarget section */
		EDBEA11D1B7C8BC00028169B /* APObjectSerializer */ = {
			isa = PBXNativeTarget;
			buildConfigurationList = EDBEA1411B7C8BC00028169B /* Build configuration list for PBXNativeTarget "APObjectSerializer" */;
			buildPhases = (
				EDBEA11A1B7C8BC00028169B /* Sources */,
				EDBEA11B1B7C8BC00028169B /* Frameworks */,
				EDBEA11C1B7C8BC00028169B /* Resources */,
			);
			buildRules = (
			);
			dependencies = (
			);
			name = APObjectSerializer;
			productName = APObjectSerializer;
			productReference = EDBEA11E1B7C8BC00028169B /* APObjectSerializer.app */;
			productType = "com.apple.product-type.application";
		};
		EDBEA1361B7C8BC00028169B /* APObjectSerializerTests */ = {
			isa = PBXNativeTarget;
			buildConfigurationList = EDBEA1441B7C8BC00028169B /* Build configuration list for PBXNativeTarget "APObjectSerializerTests" */;
			buildPhases = (
				EDBEA1331B7C8BC00028169B /* Sources */,
				EDBEA1341B7C8BC00028169B /* Frameworks */,
				EDBEA1351B7C8BC00028169B /* Resources */,
			);
			buildRules = (
			);
			dependencies = (
				EDBEA1391B7C8BC00028169B /* PBXTargetDependency */,
			);
			name = APObjectSerializerTests;
			productName = APObjectSerializerTests;
			productReference = EDBEA1371B7C8BC00028169B /* APObjectSerializerTests.xctest */;
			productType = "com.apple.product-type.bundle.unit-test";
		};
/* End PBXNativeTarget section */

/* Begin PBXProject section */
		EDBEA1161B7C8BC00028169B /* Project object */ = {
			isa = PBXProject;
			attributes = {
				LastUpgradeCheck = 0640;
				ORGANIZATIONNAME = "Andreas Petrov";
				TargetAttributes = {
					EDBEA11D1B7C8BC00028169B = {
						CreatedOnToolsVersion = 6.4;
					};
					EDBEA1361B7C8BC00028169B = {
						CreatedOnToolsVersion = 6.4;
						TestTargetID = EDBEA11D1B7C8BC00028169B;
					};
				};
			};
			buildConfigurationList = EDBEA1191B7C8BC00028169B /* Build configuration list for PBXProject "APObjectSerializer" */;
			compatibilityVersion = "Xcode 3.2";
			developmentRegion = English;
			hasScannedForEncodings = 0;
			knownRegions = (
				en,
				Base,
			);
			mainGroup = EDBEA1151B7C8BC00028169B;
			productRefGroup = EDBEA11F1B7C8BC00028169B /* Products */;
			projectDirPath = "";
			projectRoot = "";
			targets = (
				EDBEA11D1B7C8BC00028169B /* APObjectSerializer */,
				EDBEA1361B7C8BC00028169B /* APObjectSerializerTests */,
			);
		};
/* End PBXProject section */

/* Begin PBXResourcesBuildPhase section */
		EDBEA11C1B7C8BC00028169B /* Resources */ = {
			isa = PBXResourcesBuildPhase;
			buildActionMask = 2147483647;
			files = (
				EDBEA12D1B7C8BC00028169B /* Main.storyboard in Resources */,
				EDBEA1321B7C8BC00028169B /* LaunchScreen.xib in Resources */,
				EDBEA12F1B7C8BC00028169B /* Images.xcassets in Resources */,
			);
			runOnlyForDeploymentPostprocessing = 0;
		};
		EDBEA1351B7C8BC00028169B /* Resources */ = {
			isa = PBXResourcesBuildPhase;
			buildActionMask = 2147483647;
			files = (
			);
			runOnlyForDeploymentPostprocessing = 0;
		};
/* End PBXResourcesBuildPhase section */

/* Begin PBXSourcesBuildPhase section */
		EDBEA11A1B7C8BC00028169B /* Sources */ = {
			isa = PBXSourcesBuildPhase;
			buildActionMask = 2147483647;
			files = (
				EDBEA12A1B7C8BC00028169B /* ViewController.m in Sources */,
				EDBEA1271B7C8BC00028169B /* AppDelegate.m in Sources */,
				EDBEA14A1B7C8C0C0028169B /* APObjectSerializer.m in Sources */,
				EDBEA1241B7C8BC00028169B /* main.m in Sources */,
				3A7A3CB6F20C9B1B231153EF /* APObjectSerializerSpec.m in Sources */,
			);
			runOnlyForDeploymentPostprocessing = 0;
		};
		EDBEA1331B7C8BC00028169B /* Sources */ = {
			isa = PBXSourcesBuildPhase;
			buildActionMask = 2147483647;
			files = (
				EDBEA13E1B7C8BC00028169B /* APObjectSerializerTests.m in Sources */,
			);
			runOnlyForDeploymentPostprocessing = 0;
		};
/* End PBXSourcesBuildPhase section */

/* Begin PBXTargetDependency section */
		EDBEA1391B7C8BC00028169B /* PBXTargetDependency */ = {
			isa = PBXTargetDependency;
			target = EDBEA11D1B7C8BC00028169B /* APObjectSerializer */;
			targetProxy = EDBEA1381B7C8BC00028169B /* PBXContainerItemProxy */;
		};
/* End PBXTargetDependency section */

/* Begin PBXVariantGroup section */
		EDBEA12B1B7C8BC00028169B /* Main.storyboard */ = {
			isa = PBXVariantGroup;
			children = (
				EDBEA12C1B7C8BC00028169B /* Base */,
			);
			name = Main.storyboard;
			sourceTree = "<group>";
		};
		EDBEA1301B7C8BC00028169B /* LaunchScreen.xib */ = {
			isa = PBXVariantGroup;
			children = (
				EDBEA1311B7C8BC00028169B /* Base */,
			);
			name = LaunchScreen.xib;
			sourceTree = "<group>";
		};
/* End PBXVariantGroup section */

/* Begin XCBuildConfiguration section */
		EDBEA13F1B7C8BC00028169B /* Debug */ = {
			isa = XCBuildConfiguration;
			buildSettings = {
				ALWAYS_SEARCH_USER_PATHS = NO;
				CLANG_CXX_LANGUAGE_STANDARD = "gnu++0x";
				CLANG_CXX_LIBRARY = "libc++";
				CLANG_ENABLE_MODULES = YES;
				CLANG_ENABLE_OBJC_ARC = YES;
				CLANG_WARN_BOOL_CONVERSION = YES;
				CLANG_WARN_CONSTANT_CONVERSION = YES;
				CLANG_WARN_DIRECT_OBJC_ISA_USAGE = YES_ERROR;
				CLANG_WARN_EMPTY_BODY = YES;
				CLANG_WARN_ENUM_CONVERSION = YES;
				CLANG_WARN_INT_CONVERSION = YES;
				CLANG_WARN_OBJC_ROOT_CLASS = YES_ERROR;
				CLANG_WARN_UNREACHABLE_CODE = YES;
				CLANG_WARN__DUPLICATE_METHOD_MATCH = YES;
				"CODE_SIGN_IDENTITY[sdk=iphoneos*]" = "iPhone Developer";
				COPY_PHASE_STRIP = NO;
				DEBUG_INFORMATION_FORMAT = "dwarf-with-dsym";
				ENABLE_STRICT_OBJC_MSGSEND = YES;
				GCC_C_LANGUAGE_STANDARD = gnu99;
				GCC_DYNAMIC_NO_PIC = NO;
				GCC_NO_COMMON_BLOCKS = YES;
				GCC_OPTIMIZATION_LEVEL = 0;
				GCC_PREPROCESSOR_DEFINITIONS = (
					"DEBUG=1",
					"$(inherited)",
				);
				GCC_SYMBOLS_PRIVATE_EXTERN = NO;
				GCC_WARN_64_TO_32_BIT_CONVERSION = YES;
				GCC_WARN_ABOUT_RETURN_TYPE = YES_ERROR;
				GCC_WARN_UNDECLARED_SELECTOR = YES;
				GCC_WARN_UNINITIALIZED_AUTOS = YES_AGGRESSIVE;
				GCC_WARN_UNUSED_FUNCTION = YES;
				GCC_WARN_UNUSED_VARIABLE = YES;
				IPHONEOS_DEPLOYMENT_TARGET = 8.4;
				MTL_ENABLE_DEBUG_INFO = YES;
				ONLY_ACTIVE_ARCH = YES;
				SDKROOT = iphoneos;
			};
			name = Debug;
		};
		EDBEA1401B7C8BC00028169B /* Release */ = {
			isa = XCBuildConfiguration;
			buildSettings = {
				ALWAYS_SEARCH_USER_PATHS = NO;
				CLANG_CXX_LANGUAGE_STANDARD = "gnu++0x";
				CLANG_CXX_LIBRARY = "libc++";
				CLANG_ENABLE_MODULES = YES;
				CLANG_ENABLE_OBJC_ARC = YES;
				CLANG_WARN_BOOL_CONVERSION = YES;
				CLANG_WARN_CONSTANT_CONVERSION = YES;
				CLANG_WARN_DIRECT_OBJC_ISA_USAGE = YES_ERROR;
				CLANG_WARN_EMPTY_BODY = YES;
				CLANG_WARN_ENUM_CONVERSION = YES;
				CLANG_WARN_INT_CONVERSION = YES;
				CLANG_WARN_OBJC_ROOT_CLASS = YES_ERROR;
				CLANG_WARN_UNREACHABLE_CODE = YES;
				CLANG_WARN__DUPLICATE_METHOD_MATCH = YES;
				"CODE_SIGN_IDENTITY[sdk=iphoneos*]" = "iPhone Developer";
				COPY_PHASE_STRIP = NO;
				DEBUG_INFORMATION_FORMAT = "dwarf-with-dsym";
				ENABLE_NS_ASSERTIONS = NO;
				ENABLE_STRICT_OBJC_MSGSEND = YES;
				GCC_C_LANGUAGE_STANDARD = gnu99;
				GCC_NO_COMMON_BLOCKS = YES;
				GCC_WARN_64_TO_32_BIT_CONVERSION = YES;
				GCC_WARN_ABOUT_RETURN_TYPE = YES_ERROR;
				GCC_WARN_UNDECLARED_SELECTOR = YES;
				GCC_WARN_UNINITIALIZED_AUTOS = YES_AGGRESSIVE;
				GCC_WARN_UNUSED_FUNCTION = YES;
				GCC_WARN_UNUSED_VARIABLE = YES;
				IPHONEOS_DEPLOYMENT_TARGET = 8.4;
				MTL_ENABLE_DEBUG_INFO = NO;
				SDKROOT = iphoneos;
				VALIDATE_PRODUCT = YES;
			};
			name = Release;
		};
		EDBEA1421B7C8BC00028169B /* Debug */ = {
			isa = XCBuildConfiguration;
			buildSettings = {
				ASSETCATALOG_COMPILER_APPICON_NAME = AppIcon;
				INFOPLIST_FILE = APObjectSerializer/Info.plist;
				LD_RUNPATH_SEARCH_PATHS = "$(inherited) @executable_path/Frameworks";
				PRODUCT_NAME = "$(TARGET_NAME)";
			};
			name = Debug;
		};
		EDBEA1431B7C8BC00028169B /* Release */ = {
			isa = XCBuildConfiguration;
			buildSettings = {
				ASSETCATALOG_COMPILER_APPICON_NAME = AppIcon;
				INFOPLIST_FILE = APObjectSerializer/Info.plist;
				LD_RUNPATH_SEARCH_PATHS = "$(inherited) @executable_path/Frameworks";
				PRODUCT_NAME = "$(TARGET_NAME)";
			};
			name = Release;
		};
		EDBEA1451B7C8BC00028169B /* Debug */ = {
			isa = XCBuildConfiguration;
			buildSettings = {
				BUNDLE_LOADER = "$(TEST_HOST)";
				FRAMEWORK_SEARCH_PATHS = (
					"$(SDKROOT)/Developer/Library/Frameworks",
					"$(inherited)",
				);
				GCC_PREPROCESSOR_DEFINITIONS = (
					"DEBUG=1",
					"$(inherited)",
				);
				INFOPLIST_FILE = APObjectSerializerTests/Info.plist;
				LD_RUNPATH_SEARCH_PATHS = "$(inherited) @executable_path/Frameworks @loader_path/Frameworks";
				PRODUCT_NAME = "$(TARGET_NAME)";
				TEST_HOST = "$(BUILT_PRODUCTS_DIR)/APObjectSerializer.app/APObjectSerializer";
			};
			name = Debug;
		};
		EDBEA1461B7C8BC00028169B /* Release */ = {
			isa = XCBuildConfiguration;
			buildSettings = {
				BUNDLE_LOADER = "$(TEST_HOST)";
				FRAMEWORK_SEARCH_PATHS = (
					"$(SDKROOT)/Developer/Library/Frameworks",
					"$(inherited)",
				);
				INFOPLIST_FILE = APObjectSerializerTests/Info.plist;
				LD_RUNPATH_SEARCH_PATHS = "$(inherited) @executable_path/Frameworks @loader_path/Frameworks";
				PRODUCT_NAME = "$(TARGET_NAME)";
				TEST_HOST = "$(BUILT_PRODUCTS_DIR)/APObjectSerializer.app/APObjectSerializer";
			};
			name = Release;
		};
/* End XCBuildConfiguration section */

/* Begin XCConfigurationList section */
		EDBEA1191B7C8BC00028169B /* Build configuration list for PBXProject "APObjectSerializer" */ = {
			isa = XCConfigurationList;
			buildConfigurations = (
				EDBEA13F1B7C8BC00028169B /* Debug */,
				EDBEA1401B7C8BC00028169B /* Release */,
			);
			defaultConfigurationIsVisible = 0;
			defaultConfigurationName = Release;
		};
		EDBEA1411B7C8BC00028169B /* Build configuration list for PBXNativeTarget "APObjectSerializer" */ = {
			isa = XCConfigurationList;
			buildConfigurations = (
				EDBEA1421B7C8BC00028169B /* Debug */,
				EDBEA1431B7C8BC00028169B /* Release */,
			);
			defaultConfigurationIsVisible = 0;
			defaultConfigurationName = Release;
		};
		EDBEA1441B7C8BC00028169B /* Build configuration list for PBXNativeTarget "APObjectSerializerTests" */ = {
			isa = XCConfigurationList;
			buildConfigurations = (
				EDBEA1451B7C8BC00028169B /* Debug */,
				EDBEA1461B7C8BC00028169B /* Release */,
			);
			defaultConfigurationIsVisible = 0;
			defaultConfigurationName = Release;
		};
/* End XCConfigurationList section */
	};
	rootObject = EDBEA1161B7C8BC00028169B /* Project object */;
}
